
Microsoft Visual Studio Solution File, Format Version 12.00
# Visual Studio 14
VisualStudioVersion = 14.0.25420.1
MinimumVisualStudioVersion = 10.0.40219.1
Project("{2150E333-8FDC-42A3-9474-1A3956D46DE8}") = "1.簡單工廠模式", "1.簡單工廠模式", "{BDB70742-4EDF-4E7A-9E8F-E39E04D62751}"
EndProject
Project("{FAE04EC0-301F-11D3-BF4B-00C04F79EFBC}") = "SingleFactory", "SingleFactory\SingleFactory.csproj", "{5C9D27B0-491C-4A74-B92F-D7136CBA4FF1}"
EndProject
Project("{2150E333-8FDC-42A3-9474-1A3956D46DE8}") = "2.策略模式", "2.策略模式", "{4BD2A3E8-3E96-4A47-A049-0AD63D1EFCF9}"
EndProject
Project("{FAE04EC0-301F-11D3-BF4B-00C04F79EFBC}") = "Strategy", "Strategy\Strategy.csproj", "{5B99FBE7-F99F-4F57-933B-24485A14E663}"
EndProject
Project("{2150E333-8FDC-42A3-9474-1A3956D46DE8}") = "3.單一職責原則", "3.單一職責原則", "{BC319540-2106-45F1-8694-DCB973CFA115}"
EndProject
Project("{FAE04EC0-301F-11D3-BF4B-00C04F79EFBC}") = "SRP", "SRP\SRP.csproj", "{DCCB3275-5BB7-4F4E-A66E-831443A21CEA}"
EndProject
Project("{2150E333-8FDC-42A3-9474-1A3956D46DE8}") = "4.開放封閉原則", "4.開放封閉原則", "{4A1FEC94-1D3B-4C1F-BD1B-FD350AD35FB3}"
EndProject
Project("{FAE04EC0-301F-11D3-BF4B-00C04F79EFBC}") = "OCP", "OCP\OCP.csproj", "{0C384442-5316-4007-9D3F-070585CCAD91}"
EndProject
Project("{2150E333-8FDC-42A3-9474-1A3956D46DE8}") = "5.依賴倒置原則", "5.依賴倒置原則", "{DAF3F9B9-4DEE-460E-92BA-DE7AF3609D8B}"
EndProject
Project("{FAE04EC0-301F-11D3-BF4B-00C04F79EFBC}") = "DIP", "DIP\DIP.csproj", "{69D63156-7174-4FC6-9639-3CF648FD3FEA}"
EndProject
Project("{2150E333-8FDC-42A3-9474-1A3956D46DE8}") = "6. 裝飾模式", "6. 裝飾模式", "{FFB4254E-8D00-4537-A430-2CD27A148FBF}"
EndProject
Project("{FAE04EC0-301F-11D3-BF4B-00C04F79EFBC}") = "Decorator", "Decorator\Decorator.csproj", "{D4E3974D-807D-4609-BAC2-0DC728C663BB}"
EndProject
Project("{FAE04EC0-301F-11D3-BF4B-00C04F79EFBC}") = "Decorator2", "Decorator2\Decorator2.csproj", "{7DFD7E96-A4EA-4778-A60F-7FA57F0EEDFA}"
EndProject
Project("{2150E333-8FDC-42A3-9474-1A3956D46DE8}") = "7. 代理模式", "7. 代理模式", "{363EB60C-A797-4498-99C0-FADBF9C1331C}"
EndProject
Project("{FAE04EC0-301F-11D3-BF4B-00C04F79EFBC}") = "Proxy", "Proxy\Proxy.csproj", "{539ADC02-B96D-45C8-A206-F77EDF113B37}"
EndProject
Project("{2150E333-8FDC-42A3-9474-1A3956D46DE8}") = "8. 工廠方法模式", "8. 工廠方法模式", "{285089B0-6C36-40C4-B8E0-2A47B9158DDD}"
EndProject
Project("{FAE04EC0-301F-11D3-BF4B-00C04F79EFBC}") = "Factory", "Factory\Factory.csproj", "{50E388EF-1EF1-4FF4-9B2F-95CD773527BA}"
EndProject
Project("{FAE04EC0-301F-11D3-BF4B-00C04F79EFBC}") = "Factory2", "Factory2\Factory2.csproj", "{A19020D1-5574-4A2B-9E36-32684D7576FD}"
EndProject
Project("{2150E333-8FDC-42A3-9474-1A3956D46DE8}") = "9.原型模式", "9.原型模式", "{C10FB8C1-904E-42C3-A6BD-2D4835AAA914}"
EndProject
Project("{FAE04EC0-301F-11D3-BF4B-00C04F79EFBC}") = "Prototype", "Prototype\Prototype.csproj", "{59C56335-1507-4C58-A12C-5DD4D5C5919F}"
EndProject
Global
	GlobalSection(SolutionConfigurationPlatforms) = preSolution
		Debug|Any CPU = Debug|Any CPU
		Release|Any CPU = Release|Any CPU
	EndGlobalSection
	GlobalSection(ProjectConfigurationPlatforms) = postSolution
		{5C9D27B0-491C-4A74-B92F-D7136CBA4FF1}.Debug|Any CPU.ActiveCfg = Debug|Any CPU
		{5C9D27B0-491C-4A74-B92F-D7136CBA4FF1}.Debug|Any CPU.Build.0 = Debug|Any CPU
		{5C9D27B0-491C-4A74-B92F-D7136CBA4FF1}.Release|Any CPU.ActiveCfg = Release|Any CPU
		{5C9D27B0-491C-4A74-B92F-D7136CBA4FF1}.Release|Any CPU.Build.0 = Release|Any CPU
		{5B99FBE7-F99F-4F57-933B-24485A14E663}.Debug|Any CPU.ActiveCfg = Debug|Any CPU
		{5B99FBE7-F99F-4F57-933B-24485A14E663}.Debug|Any CPU.Build.0 = Debug|Any CPU
		{5B99FBE7-F99F-4F57-933B-24485A14E663}.Release|Any CPU.ActiveCfg = Release|Any CPU
		{5B99FBE7-F99F-4F57-933B-24485A14E663}.Release|Any CPU.Build.0 = Release|Any CPU
		{DCCB3275-5BB7-4F4E-A66E-831443A21CEA}.Debug|Any CPU.ActiveCfg = Debug|Any CPU
		{DCCB3275-5BB7-4F4E-A66E-831443A21CEA}.Debug|Any CPU.Build.0 = Debug|Any CPU
		{DCCB3275-5BB7-4F4E-A66E-831443A21CEA}.Release|Any CPU.ActiveCfg = Release|Any CPU
		{DCCB3275-5BB7-4F4E-A66E-831443A21CEA}.Release|Any CPU.Build.0 = Release|Any CPU
		{0C384442-5316-4007-9D3F-070585CCAD91}.Debug|Any CPU.ActiveCfg = Debug|Any CPU
		{0C384442-5316-4007-9D3F-070585CCAD91}.Debug|Any CPU.Build.0 = Debug|Any CPU
		{0C384442-5316-4007-9D3F-070585CCAD91}.Release|Any CPU.ActiveCfg = Release|Any CPU
		{0C384442-5316-4007-9D3F-070585CCAD91}.Release|Any CPU.Build.0 = Release|Any CPU
		{69D63156-7174-4FC6-9639-3CF648FD3FEA}.Debug|Any CPU.ActiveCfg = Debug|Any CPU
		{69D63156-7174-4FC6-9639-3CF648FD3FEA}.Debug|Any CPU.Build.0 = Debug|Any CPU
		{69D63156-7174-4FC6-9639-3CF648FD3FEA}.Release|Any CPU.ActiveCfg = Release|Any CPU
		{69D63156-7174-4FC6-9639-3CF648FD3FEA}.Release|Any CPU.Build.0 = Release|Any CPU
		{D4E3974D-807D-4609-BAC2-0DC728C663BB}.Debug|Any CPU.ActiveCfg = Debug|Any CPU
		{D4E3974D-807D-4609-BAC2-0DC728C663BB}.Debug|Any CPU.Build.0 = Debug|Any CPU
		{D4E3974D-807D-4609-BAC2-0DC728C663BB}.Release|Any CPU.ActiveCfg = Release|Any CPU
		{D4E3974D-807D-4609-BAC2-0DC728C663BB}.Release|Any CPU.Build.0 = Release|Any CPU
		{7DFD7E96-A4EA-4778-A60F-7FA57F0EEDFA}.Debug|Any CPU.ActiveCfg = Debug|Any CPU
		{7DFD7E96-A4EA-4778-A60F-7FA57F0EEDFA}.Debug|Any CPU.Build.0 = Debug|Any CPU
		{7DFD7E96-A4EA-4778-A60F-7FA57F0EEDFA}.Release|Any CPU.ActiveCfg = Release|Any CPU
		{7DFD7E96-A4EA-4778-A60F-7FA57F0EEDFA}.Release|Any CPU.Build.0 = Release|Any CPU
		{539ADC02-B96D-45C8-A206-F77EDF113B37}.Debug|Any CPU.ActiveCfg = Debug|Any CPU
		{539ADC02-B96D-45C8-A206-F77EDF113B37}.Debug|Any CPU.Build.0 = Debug|Any CPU
		{539ADC02-B96D-45C8-A206-F77EDF113B37}.Release|Any CPU.ActiveCfg = Release|Any CPU
		{539ADC02-B96D-45C8-A206-F77EDF113B37}.Release|Any CPU.Build.0 = Release|Any CPU
		{50E388EF-1EF1-4FF4-9B2F-95CD773527BA}.Debug|Any CPU.ActiveCfg = Debug|Any CPU
		{50E388EF-1EF1-4FF4-9B2F-95CD773527BA}.Debug|Any CPU.Build.0 = Debug|Any CPU
		{50E388EF-1EF1-4FF4-9B2F-95CD773527BA}.Release|Any CPU.ActiveCfg = Release|Any CPU
		{50E388EF-1EF1-4FF4-9B2F-95CD773527BA}.Release|Any CPU.Build.0 = Release|Any CPU
		{A19020D1-5574-4A2B-9E36-32684D7576FD}.Debug|Any CPU.ActiveCfg = Debug|Any CPU
		{A19020D1-5574-4A2B-9E36-32684D7576FD}.Debug|Any CPU.Build.0 = Debug|Any CPU
		{A19020D1-5574-4A2B-9E36-32684D7576FD}.Release|Any CPU.ActiveCfg = Release|Any CPU
		{A19020D1-5574-4A2B-9E36-32684D7576FD}.Release|Any CPU.Build.0 = Release|Any CPU
		{59C56335-1507-4C58-A12C-5DD4D5C5919F}.Debug|Any CPU.ActiveCfg = Debug|Any CPU
		{59C56335-1507-4C58-A12C-5DD4D5C5919F}.Debug|Any CPU.Build.0 = Debug|Any CPU
		{59C56335-1507-4C58-A12C-5DD4D5C5919F}.Release|Any CPU.ActiveCfg = Release|Any CPU
		{59C56335-1507-4C58-A12C-5DD4D5C5919F}.Release|Any CPU.Build.0 = Release|Any CPU
	EndGlobalSection
	GlobalSection(SolutionProperties) = preSolution
		HideSolutionNode = FALSE
	EndGlobalSection
	GlobalSection(NestedProjects) = preSolution
		{5C9D27B0-491C-4A74-B92F-D7136CBA4FF1} = {BDB70742-4EDF-4E7A-9E8F-E39E04D62751}
		{5B99FBE7-F99F-4F57-933B-24485A14E663} = {4BD2A3E8-3E96-4A47-A049-0AD63D1EFCF9}
		{DCCB3275-5BB7-4F4E-A66E-831443A21CEA} = {BC319540-2106-45F1-8694-DCB973CFA115}
		{0C384442-5316-4007-9D3F-070585CCAD91} = {4A1FEC94-1D3B-4C1F-BD1B-FD350AD35FB3}
		{69D63156-7174-4FC6-9639-3CF648FD3FEA} = {DAF3F9B9-4DEE-460E-92BA-DE7AF3609D8B}
		{D4E3974D-807D-4609-BAC2-0DC728C663BB} = {FFB4254E-8D00-4537-A430-2CD27A148FBF}
		{7DFD7E96-A4EA-4778-A60F-7FA57F0EEDFA} = {FFB4254E-8D00-4537-A430-2CD27A148FBF}
		{539ADC02-B96D-45C8-A206-F77EDF113B37} = {363EB60C-A797-4498-99C0-FADBF9C1331C}
		{50E388EF-1EF1-4FF4-9B2F-95CD773527BA} = {285089B0-6C36-40C4-B8E0-2A47B9158DDD}
		{A19020D1-5574-4A2B-9E36-32684D7576FD} = {285089B0-6C36-40C4-B8E0-2A47B9158DDD}
		{59C56335-1507-4C58-A12C-5DD4D5C5919F} = {C10FB8C1-904E-42C3-A6BD-2D4835AAA914}
	EndGlobalSection
EndGlobal
