
Microsoft Visual Studio Solution File, Format Version 12.00
# Visual Studio 14
VisualStudioVersion = 14.0.25420.1
MinimumVisualStudioVersion = 10.0.40219.1
Project("{2150E333-8FDC-42A3-9474-1A3956D46DE8}") = "1.簡單工廠模式", "1.簡單工廠模式", "{BDB70742-4EDF-4E7A-9E8F-E39E04D62751}"
EndProject
Project("{FAE04EC0-301F-11D3-BF4B-00C04F79EFBC}") = "SingleFactory", "SingleFactory\SingleFactory.csproj", "{5C9D27B0-491C-4A74-B92F-D7136CBA4FF1}"
EndProject
Project("{2150E333-8FDC-42A3-9474-1A3956D46DE8}") = "2.策略模式", "2.策略模式", "{4BD2A3E8-3E96-4A47-A049-0AD63D1EFCF9}"
EndProject
Project("{FAE04EC0-301F-11D3-BF4B-00C04F79EFBC}") = "Strategy", "Strategy\Strategy.csproj", "{5B99FBE7-F99F-4F57-933B-24485A14E663}"
EndProject
Global
	GlobalSection(SolutionConfigurationPlatforms) = preSolution
		Debug|Any CPU = Debug|Any CPU
		Release|Any CPU = Release|Any CPU
	EndGlobalSection
	GlobalSection(ProjectConfigurationPlatforms) = postSolution
		{5C9D27B0-491C-4A74-B92F-D7136CBA4FF1}.Debug|Any CPU.ActiveCfg = Debug|Any CPU
		{5C9D27B0-491C-4A74-B92F-D7136CBA4FF1}.Debug|Any CPU.Build.0 = Debug|Any CPU
		{5C9D27B0-491C-4A74-B92F-D7136CBA4FF1}.Release|Any CPU.ActiveCfg = Release|Any CPU
		{5C9D27B0-491C-4A74-B92F-D7136CBA4FF1}.Release|Any CPU.Build.0 = Release|Any CPU
		{5B99FBE7-F99F-4F57-933B-24485A14E663}.Debug|Any CPU.ActiveCfg = Debug|Any CPU
		{5B99FBE7-F99F-4F57-933B-24485A14E663}.Debug|Any CPU.Build.0 = Debug|Any CPU
		{5B99FBE7-F99F-4F57-933B-24485A14E663}.Release|Any CPU.ActiveCfg = Release|Any CPU
		{5B99FBE7-F99F-4F57-933B-24485A14E663}.Release|Any CPU.Build.0 = Release|Any CPU
	EndGlobalSection
	GlobalSection(SolutionProperties) = preSolution
		HideSolutionNode = FALSE
	EndGlobalSection
	GlobalSection(NestedProjects) = preSolution
		{5C9D27B0-491C-4A74-B92F-D7136CBA4FF1} = {BDB70742-4EDF-4E7A-9E8F-E39E04D62751}
		{5B99FBE7-F99F-4F57-933B-24485A14E663} = {4BD2A3E8-3E96-4A47-A049-0AD63D1EFCF9}
	EndGlobalSection
EndGlobal
